
Microsoft Visual Studio Solution File, Format Version 12.00
# Visual Studio 15
VisualStudioVersion = 15.0.28010.2046
MinimumVisualStudioVersion = 10.0.40219.1
Project("{FAE04EC0-301F-11D3-BF4B-00C04F79EFBC}") = "Webritter.SharePointFileMover", "Webritter.SharePointFileMover.csproj", "{A7E7A50F-7544-4667-9622-31446DCAFB8F}"
EndProject
Global
	GlobalSection(SolutionConfigurationPlatforms) = preSolution
		Debug|Any CPU = Debug|Any CPU
		Release|Any CPU = Release|Any CPU
	EndGlobalSection
	GlobalSection(ProjectConfigurationPlatforms) = postSolution
		{A7E7A50F-7544-4667-9622-31446DCAFB8F}.Debug|Any CPU.ActiveCfg = Debug|Any CPU
		{A7E7A50F-7544-4667-9622-31446DCAFB8F}.Debug|Any CPU.Build.0 = Debug|Any CPU
		{A7E7A50F-7544-4667-9622-31446DCAFB8F}.Release|Any CPU.ActiveCfg = Release|Any CPU
		{A7E7A50F-7544-4667-9622-31446DCAFB8F}.Release|Any CPU.Build.0 = Release|Any CPU
	EndGlobalSection
	GlobalSection(SolutionProperties) = preSolution
		HideSolutionNode = FALSE
	EndGlobalSection
	GlobalSection(ExtensibilityGlobals) = postSolution
		SolutionGuid = {1788C249-566C-4F41-AC70-CFC0FDF1BE7C}
	EndGlobalSection
EndGlobal
